
Microsoft Visual Studio Solution File, Format Version 12.00
# Visual Studio Version 17
VisualStudioVersion = 17.14.37614.0
MinimumVisualStudioVersion = 10.0.40219.1
Project("{FAE04EC0-301F-11D3-BF4B-00C04F79EFBC}") = "Client", "source\client\Client.csproj", "{CE617C40-0367-A2F2-034A-A42479E4E925}"
	ProjectSection(ProjectDependencies) = postProject
		{104813BF-673A-E751-4F2E-817B2C71D60D} = {104813BF-673A-E751-4F2E-817B2C71D60D}
	EndProjectSection
EndProject
Project("{FAE04EC0-301F-11D3-BF4B-00C04F79EFBC}") = "Core", "source\core\Core.csproj", "{104813BF-673A-E751-4F2E-817B2C71D60D}"
EndProject
Project("{FAE04EC0-301F-11D3-BF4B-00C04F79EFBC}") = "Core.Tests", "tests\core.tests\Core.Tests.csproj", "{E9DFBF0D-A2C4-5370-C9C5-F679D39C21F2}"
EndProject
Global
	GlobalSection(SolutionConfigurationPlatforms) = preSolution
		Debug|Any CPU = Debug|Any CPU
		Release|Any CPU = Release|Any CPU
	EndGlobalSection
	GlobalSection(ProjectConfigurationPlatforms) = postSolution
		{CE617C40-0367-A2F2-034A-A42479E4E925}.Debug|Any CPU.ActiveCfg = Debug|Any CPU
		{CE617C40-0367-A2F2-034A-A42479E4E925}.Debug|Any CPU.Build.0 = Debug|Any CPU
		{CE617C40-0367-A2F2-034A-A42479E4E925}.Release|Any CPU.ActiveCfg = Release|Any CPU
		{CE617C40-0367-A2F2-034A-A42479E4E925}.Release|Any CPU.Build.0 = Release|Any CPU
		{104813BF-673A-E751-4F2E-817B2C71D60D}.Debug|Any CPU.ActiveCfg = Debug|Any CPU
		{104813BF-673A-E751-4F2E-817B2C71D60D}.Debug|Any CPU.Build.0 = Debug|Any CPU
		{104813BF-673A-E751-4F2E-817B2C71D60D}.Release|Any CPU.ActiveCfg = Release|Any CPU
		{104813BF-673A-E751-4F2E-817B2C71D60D}.Release|Any CPU.Build.0 = Release|Any CPU
		{E9DFBF0D-A2C4-5370-C9C5-F679D39C21F2}.Debug|Any CPU.ActiveCfg = Debug|Any CPU
		{E9DFBF0D-A2C4-5370-C9C5-F679D39C21F2}.Debug|Any CPU.Build.0 = Debug|Any CPU
		{E9DFBF0D-A2C4-5370-C9C5-F679D39C21F2}.Release|Any CPU.ActiveCfg = Release|Any CPU
		{E9DFBF0D-A2C4-5370-C9C5-F679D39C21F2}.Release|Any CPU.Build.0 = Release|Any CPU
	EndGlobalSection
	GlobalSection(SolutionProperties) = preSolution
		HideSolutionNode = FALSE
	EndGlobalSection
	GlobalSection(ExtensibilityGlobals) = postSolution
		SolutionGuid = {157C65D0-2525-4DBB-9896-8024052570C3}
	EndGlobalSection
EndGlobal
